
Microsoft Visual Studio Solution File, Format Version 12.00
# Visual Studio Version 17
VisualStudioVersion = 17.10.35201.131
MinimumVisualStudioVersion = 10.0.40219.1
Project("{FAE04EC0-301F-11D3-BF4B-00C04F79EFBC}") = "NTierArchitecture.DAL", "NTierArchitecture.DAL\NTierArchitecture.DAL.csproj", "{D9FED2B3-AE75-4B16-8FFB-269180F2CF9A}"
EndProject
Project("{FAE04EC0-301F-11D3-BF4B-00C04F79EFBC}") = "NTierArchitecture.BLL", "NTierArchitecture.BLL\NTierArchitecture.BLL.csproj", "{D45F16EF-57DD-4775-994F-012839BEB793}"
EndProject
Project("{FAE04EC0-301F-11D3-BF4B-00C04F79EFBC}") = "NTierArchitecture.WebAPI", "NTierArchitecture.WebAPI\NTierArchitecture.WebAPI.csproj", "{E86B3BAA-BAF1-4D96-8551-E9014933E537}"
EndProject
Global
	GlobalSection(SolutionConfigurationPlatforms) = preSolution
		Debug|Any CPU = Debug|Any CPU
		Release|Any CPU = Release|Any CPU
	EndGlobalSection
	GlobalSection(ProjectConfigurationPlatforms) = postSolution
		{D9FED2B3-AE75-4B16-8FFB-269180F2CF9A}.Debug|Any CPU.ActiveCfg = Debug|Any CPU
		{D9FED2B3-AE75-4B16-8FFB-269180F2CF9A}.Debug|Any CPU.Build.0 = Debug|Any CPU
		{D9FED2B3-AE75-4B16-8FFB-269180F2CF9A}.Release|Any CPU.ActiveCfg = Release|Any CPU
		{D9FED2B3-AE75-4B16-8FFB-269180F2CF9A}.Release|Any CPU.Build.0 = Release|Any CPU
		{D45F16EF-57DD-4775-994F-012839BEB793}.Debug|Any CPU.ActiveCfg = Debug|Any CPU
		{D45F16EF-57DD-4775-994F-012839BEB793}.Debug|Any CPU.Build.0 = Debug|Any CPU
		{D45F16EF-57DD-4775-994F-012839BEB793}.Release|Any CPU.ActiveCfg = Release|Any CPU
		{D45F16EF-57DD-4775-994F-012839BEB793}.Release|Any CPU.Build.0 = Release|Any CPU
		{E86B3BAA-BAF1-4D96-8551-E9014933E537}.Debug|Any CPU.ActiveCfg = Debug|Any CPU
		{E86B3BAA-BAF1-4D96-8551-E9014933E537}.Debug|Any CPU.Build.0 = Debug|Any CPU
		{E86B3BAA-BAF1-4D96-8551-E9014933E537}.Release|Any CPU.ActiveCfg = Release|Any CPU
		{E86B3BAA-BAF1-4D96-8551-E9014933E537}.Release|Any CPU.Build.0 = Release|Any CPU
	EndGlobalSection
	GlobalSection(SolutionProperties) = preSolution
		HideSolutionNode = FALSE
	EndGlobalSection
	GlobalSection(ExtensibilityGlobals) = postSolution
		SolutionGuid = {9DE93BF0-3E73-49EA-A048-FAC41F0F0F7A}
	EndGlobalSection
EndGlobal
